
Microsoft Visual Studio Solution File, Format Version 12.00
# Visual Studio Version 16
VisualStudioVersion = 16.0.29020.237
MinimumVisualStudioVersion = 10.0.40219.1
Project("{FAE04EC0-301F-11D3-BF4B-00C04F79EFBC}") = "Solomon", "Solomon\Solomon.csproj", "{3F694CA4-44F4-4B0B-8148-DC4F8F03B333}"
EndProject
Project("{FAE04EC0-301F-11D3-BF4B-00C04F79EFBC}") = "SolomonTests", "SolomonTests\SolomonTests.csproj", "{24EBDC8C-3B72-41CD-A4B7-B4CAD6743280}"
EndProject
Project("{888888A0-9F3D-457C-B088-3A5042F75D52}") = "Solomon_AI_Services", "Solomon_AI_Services\Solomon_AI_Services.pyproj", "{79B0B828-57B0-430A-AD98-0CAC3E702C53}"
EndProject
Global
	GlobalSection(SolutionConfigurationPlatforms) = preSolution
		Debug|Any CPU = Debug|Any CPU
		Release|Any CPU = Release|Any CPU
	EndGlobalSection
	GlobalSection(ProjectConfigurationPlatforms) = postSolution
		{3F694CA4-44F4-4B0B-8148-DC4F8F03B333}.Debug|Any CPU.ActiveCfg = Debug|Any CPU
		{3F694CA4-44F4-4B0B-8148-DC4F8F03B333}.Debug|Any CPU.Build.0 = Debug|Any CPU
		{3F694CA4-44F4-4B0B-8148-DC4F8F03B333}.Release|Any CPU.ActiveCfg = Release|Any CPU
		{3F694CA4-44F4-4B0B-8148-DC4F8F03B333}.Release|Any CPU.Build.0 = Release|Any CPU
		{24EBDC8C-3B72-41CD-A4B7-B4CAD6743280}.Debug|Any CPU.ActiveCfg = Debug|Any CPU
		{24EBDC8C-3B72-41CD-A4B7-B4CAD6743280}.Debug|Any CPU.Build.0 = Debug|Any CPU
		{24EBDC8C-3B72-41CD-A4B7-B4CAD6743280}.Release|Any CPU.ActiveCfg = Release|Any CPU
		{24EBDC8C-3B72-41CD-A4B7-B4CAD6743280}.Release|Any CPU.Build.0 = Release|Any CPU
		{79B0B828-57B0-430A-AD98-0CAC3E702C53}.Debug|Any CPU.ActiveCfg = Debug|Any CPU
		{79B0B828-57B0-430A-AD98-0CAC3E702C53}.Release|Any CPU.ActiveCfg = Release|Any CPU
	EndGlobalSection
	GlobalSection(SolutionProperties) = preSolution
		HideSolutionNode = FALSE
	EndGlobalSection
	GlobalSection(ExtensibilityGlobals) = postSolution
		SolutionGuid = {90457C42-28C8-4651-9E9D-4A3C91C18C4E}
	EndGlobalSection
EndGlobal
